
Microsoft Visual Studio Solution File, Format Version 12.00
# Visual Studio Version 17
VisualStudioVersion = 17.1.32210.238
MinimumVisualStudioVersion = 10.0.40219.1
Project("{FAE04EC0-301F-11D3-BF4B-00C04F79EFBC}") = "modul5_1302204029", "modul5_1302204029\modul5_1302204029.csproj", "{7DB32BE2-072C-4DD2-A184-9A91F434DF7D}"
EndProject
Global
	GlobalSection(SolutionConfigurationPlatforms) = preSolution
		Debug|Any CPU = Debug|Any CPU
		Release|Any CPU = Release|Any CPU
	EndGlobalSection
	GlobalSection(ProjectConfigurationPlatforms) = postSolution
		{7DB32BE2-072C-4DD2-A184-9A91F434DF7D}.Debug|Any CPU.ActiveCfg = Debug|Any CPU
		{7DB32BE2-072C-4DD2-A184-9A91F434DF7D}.Debug|Any CPU.Build.0 = Debug|Any CPU
		{7DB32BE2-072C-4DD2-A184-9A91F434DF7D}.Release|Any CPU.ActiveCfg = Release|Any CPU
		{7DB32BE2-072C-4DD2-A184-9A91F434DF7D}.Release|Any CPU.Build.0 = Release|Any CPU
	EndGlobalSection
	GlobalSection(SolutionProperties) = preSolution
		HideSolutionNode = FALSE
	EndGlobalSection
	GlobalSection(ExtensibilityGlobals) = postSolution
		SolutionGuid = {1168E3B5-091A-40F3-B13A-0410D4BD230E}
	EndGlobalSection
EndGlobal
